
Microsoft Visual Studio Solution File, Format Version 12.00
Project("{FAE04EC0-301F-11D3-BF4B-00C04F79EFBC}") = "RemoteServer", "RemoteServer\RemoteServer.csproj", "{FFD6D293-9072-4E56-BCED-B1383AF1A9BA}"
EndProject
Project("{FAE04EC0-301F-11D3-BF4B-00C04F79EFBC}") = "CircuitBreakerServer", "CircuitBreakerServer\CircuitBreakerServer.csproj", "{99E8DE92-1DAD-412F-99E5-6E040BE28B64}"
EndProject
Global
	GlobalSection(SolutionConfigurationPlatforms) = preSolution
		Debug|Any CPU = Debug|Any CPU
		Release|Any CPU = Release|Any CPU
	EndGlobalSection
	GlobalSection(ProjectConfigurationPlatforms) = postSolution
		{FFD6D293-9072-4E56-BCED-B1383AF1A9BA}.Debug|Any CPU.ActiveCfg = Debug|Any CPU
		{FFD6D293-9072-4E56-BCED-B1383AF1A9BA}.Debug|Any CPU.Build.0 = Debug|Any CPU
		{FFD6D293-9072-4E56-BCED-B1383AF1A9BA}.Release|Any CPU.ActiveCfg = Release|Any CPU
		{FFD6D293-9072-4E56-BCED-B1383AF1A9BA}.Release|Any CPU.Build.0 = Release|Any CPU
		{99E8DE92-1DAD-412F-99E5-6E040BE28B64}.Debug|Any CPU.ActiveCfg = Debug|Any CPU
		{99E8DE92-1DAD-412F-99E5-6E040BE28B64}.Debug|Any CPU.Build.0 = Debug|Any CPU
		{99E8DE92-1DAD-412F-99E5-6E040BE28B64}.Release|Any CPU.ActiveCfg = Release|Any CPU
		{99E8DE92-1DAD-412F-99E5-6E040BE28B64}.Release|Any CPU.Build.0 = Release|Any CPU
	EndGlobalSection
EndGlobal
